
Microsoft Visual Studio Solution File, Format Version 12.00
# Visual Studio Version 16
VisualStudioVersion = 16.0.31205.134
MinimumVisualStudioVersion = 10.0.40219.1
Project("{9A19103F-16F7-4668-BE54-9A1E7A4F7556}") = "IoTHubScheduler.API", "IoTHubScheduler.API.csproj", "{AF6644D7-83F4-421F-B44E-8ABA5453A257}"
EndProject
Global
	GlobalSection(SolutionConfigurationPlatforms) = preSolution
		Debug|Any CPU = Debug|Any CPU
		Release|Any CPU = Release|Any CPU
	EndGlobalSection
	GlobalSection(ProjectConfigurationPlatforms) = postSolution
		{AF6644D7-83F4-421F-B44E-8ABA5453A257}.Debug|Any CPU.ActiveCfg = Debug|Any CPU
		{AF6644D7-83F4-421F-B44E-8ABA5453A257}.Debug|Any CPU.Build.0 = Debug|Any CPU
		{AF6644D7-83F4-421F-B44E-8ABA5453A257}.Release|Any CPU.ActiveCfg = Release|Any CPU
		{AF6644D7-83F4-421F-B44E-8ABA5453A257}.Release|Any CPU.Build.0 = Release|Any CPU
	EndGlobalSection
	GlobalSection(SolutionProperties) = preSolution
		HideSolutionNode = FALSE
	EndGlobalSection
	GlobalSection(ExtensibilityGlobals) = postSolution
		SolutionGuid = {4DA8BC88-95B7-4FED-A93D-20AE10DFFFE3}
	EndGlobalSection
EndGlobal
