
Microsoft Visual Studio Solution File, Format Version 12.00
# Visual Studio Version 16
VisualStudioVersion = 16.0.31205.134
MinimumVisualStudioVersion = 10.0.40219.1
Project("{9A19103F-16F7-4668-BE54-9A1E7A4F7556}") = "IoTJobClient", "IoTJobClient.csproj", "{70EBB73F-EB74-4775-9C09-AB006EABBFD5}"
EndProject
Global
	GlobalSection(SolutionConfigurationPlatforms) = preSolution
		Debug|Any CPU = Debug|Any CPU
		Release|Any CPU = Release|Any CPU
	EndGlobalSection
	GlobalSection(ProjectConfigurationPlatforms) = postSolution
		{70EBB73F-EB74-4775-9C09-AB006EABBFD5}.Debug|Any CPU.ActiveCfg = Debug|Any CPU
		{70EBB73F-EB74-4775-9C09-AB006EABBFD5}.Debug|Any CPU.Build.0 = Debug|Any CPU
		{70EBB73F-EB74-4775-9C09-AB006EABBFD5}.Release|Any CPU.ActiveCfg = Release|Any CPU
		{70EBB73F-EB74-4775-9C09-AB006EABBFD5}.Release|Any CPU.Build.0 = Release|Any CPU
	EndGlobalSection
	GlobalSection(SolutionProperties) = preSolution
		HideSolutionNode = FALSE
	EndGlobalSection
	GlobalSection(ExtensibilityGlobals) = postSolution
		SolutionGuid = {2A80DFEF-4DC2-4A3C-B1A2-457BED062F18}
	EndGlobalSection
EndGlobal
